// !$*UTF8*$!
{
	archiveVersion = 1;
	classes = {
	};
	objectVersion = 56;
	objects = {

/* Begin PBXBuildFile section */
		AE649CC62C2BA3CF006B50EC /* WeatherForcastApp.swift in Sources */ = {isa = PBXBuildFile; fileRef = AE649CC52C2BA3CF006B50EC /* WeatherForcastApp.swift */; };
		AE649CC82C2BA3CF006B50EC /* ContentView.swift in Sources */ = {isa = PBXBuildFile; fileRef = AE649CC72C2BA3CF006B50EC /* ContentView.swift */; };
		AE649CCA2C2BA3CF006B50EC /* Assets.xcassets in Resources */ = {isa = PBXBuildFile; fileRef = AE649CC92C2BA3CF006B50EC /* Assets.xcassets */; };
		AE649CCD2C2BA3CF006B50EC /* Preview Assets.xcassets in Resources */ = {isa = PBXBuildFile; fileRef = AE649CCC2C2BA3CF006B50EC /* Preview Assets.xcassets */; };
		AE649CD72C2BA3D0006B50EC /* WeatherForcastTests.swift in Sources */ = {isa = PBXBuildFile; fileRef = AE649CD62C2BA3D0006B50EC /* WeatherForcastTests.swift */; };
		AE649CE12C2BA3D0006B50EC /* WeatherForcastUITests.swift in Sources */ = {isa = PBXBuildFile; fileRef = AE649CE02C2BA3D0006B50EC /* WeatherForcastUITests.swift */; };
		AE649CE32C2BA3D0006B50EC /* WeatherForcastUITestsLaunchTests.swift in Sources */ = {isa = PBXBuildFile; fileRef = AE649CE22C2BA3D0006B50EC /* WeatherForcastUITestsLaunchTests.swift */; };
/* End PBXBuildFile section */

/* Begin PBXContainerItemProxy section */
		AE649CD32C2BA3D0006B50EC /* PBXContainerItemProxy */ = {
			isa = PBXContainerItemProxy;
			containerPortal = AE649CBA2C2BA3CF006B50EC /* Project object */;
			proxyType = 1;
			remoteGlobalIDString = AE649CC12C2BA3CF006B50EC;
			remoteInfo = WeatherForcast;
		};
		AE649CDD2C2BA3D0006B50EC /* PBXContainerItemProxy */ = {
			isa = PBXContainerItemProxy;
			containerPortal = AE649CBA2C2BA3CF006B50EC /* Project object */;
			proxyType = 1;
			remoteGlobalIDString = AE649CC12C2BA3CF006B50EC;
			remoteInfo = WeatherForcast;
		};
/* End PBXContainerItemProxy section */

/* Begin PBXFileReference section */
		AE649CC22C2BA3CF006B50EC /* WeatherForcast.app */ = {isa = PBXFileReference; explicitFileType = wrapper.application; includeInIndex = 0; path = WeatherForcast.app; sourceTree = BUILT_PRODUCTS_DIR; };
		AE649CC52C2BA3CF006B50EC /* WeatherForcastApp.swift */ = {isa = PBXFileReference; lastKnownFileType = sourcecode.swift; path = WeatherForcastApp.swift; sourceTree = "<group>"; };
		AE649CC72C2BA3CF006B50EC /* ContentView.swift */ = {isa = PBXFileReference; lastKnownFileType = sourcecode.swift; path = ContentView.swift; sourceTree = "<group>"; };
		AE649CC92C2BA3CF006B50EC /* Assets.xcassets */ = {isa = PBXFileReference; lastKnownFileType = folder.assetcatalog; path = Assets.xcassets; sourceTree = "<group>"; };
		AE649CCC2C2BA3CF006B50EC /* Preview Assets.xcassets */ = {isa = PBXFileReference; lastKnownFileType = folder.assetcatalog; path = "Preview Assets.xcassets"; sourceTree = "<group>"; };
		AE649CD22C2BA3D0006B50EC /* WeatherForcastTests.xctest */ = {isa = PBXFileReference; explicitFileType = wrapper.cfbundle; includeInIndex = 0; path = WeatherForcastTests.xctest; sourceTree = BUILT_PRODUCTS_DIR; };
		AE649CD62C2BA3D0006B50EC /* WeatherForcastTests.swift */ = {isa = PBXFileReference; lastKnownFileType = sourcecode.swift; path = WeatherForcastTests.swift; sourceTree = "<group>"; };
		AE649CDC2C2BA3D0006B50EC /* WeatherForcastUITests.xctest */ = {isa = PBXFileReference; explicitFileType = wrapper.cfbundle; includeInIndex = 0; path = WeatherForcastUITests.xctest; sourceTree = BUILT_PRODUCTS_DIR; };
		AE649CE02C2BA3D0006B50EC /* WeatherForcastUITests.swift */ = {isa = PBXFileReference; lastKnownFileType = sourcecode.swift; path = WeatherForcastUITests.swift; sourceTree = "<group>"; };
		AE649CE22C2BA3D0006B50EC /* WeatherForcastUITestsLaunchTests.swift */ = {isa = PBXFileReference; lastKnownFileType = sourcecode.swift; path = WeatherForcastUITestsLaunchTests.swift; sourceTree = "<group>"; };
/* End PBXFileReference section */

/* Begin PBXFrameworksBuildPhase section */
		AE649CBF2C2BA3CF006B50EC /* Frameworks */ = {
			isa = PBXFrameworksBuildPhase;
			buildActionMask = 2147483647;
			files = (
			);
			runOnlyForDeploymentPostprocessing = 0;
		};
		AE649CCF2C2BA3D0006B50EC /* Frameworks */ = {
			isa = PBXFrameworksBuildPhase;
			buildActionMask = 2147483647;
			files = (
			);
			runOnlyForDeploymentPostprocessing = 0;
		};
		AE649CD92C2BA3D0006B50EC /* Frameworks */ = {
			isa = PBXFrameworksBuildPhase;
			buildActionMask = 2147483647;
			files = (
			);
			runOnlyForDeploymentPostprocessing = 0;
		};
/* End PBXFrameworksBuildPhase section */

/* Begin PBXGroup section */
		AE649CB92C2BA3CE006B50EC = {
			isa = PBXGroup;
			children = (
				AE649CC42C2BA3CF006B50EC /* WeatherForcast */,
				AE649CD52C2BA3D0006B50EC /* WeatherForcastTests */,
				AE649CDF2C2BA3D0006B50EC /* WeatherForcastUITests */,
				AE649CC32C2BA3CF006B50EC /* Products */,
			);
			sourceTree = "<group>";
		};
		AE649CC32C2BA3CF006B50EC /* Products */ = {
			isa = PBXGroup;
			children = (
				AE649CC22C2BA3CF006B50EC /* WeatherForcast.app */,
				AE649CD22C2BA3D0006B50EC /* WeatherForcastTests.xctest */,
				AE649CDC2C2BA3D0006B50EC /* WeatherForcastUITests.xctest */,
			);
			name = Products;
			sourceTree = "<group>";
		};
		AE649CC42C2BA3CF006B50EC /* WeatherForcast */ = {
			isa = PBXGroup;
			children = (
				AE649CC52C2BA3CF006B50EC /* WeatherForcastApp.swift */,
				AE649CC72C2BA3CF006B50EC /* ContentView.swift */,
				AE649CC92C2BA3CF006B50EC /* Assets.xcassets */,
				AE649CCB2C2BA3CF006B50EC /* Preview Content */,
			);
			path = WeatherForcast;
			sourceTree = "<group>";
		};
		AE649CCB2C2BA3CF006B50EC /* Preview Content */ = {
			isa = PBXGroup;
			children = (
				AE649CCC2C2BA3CF006B50EC /* Preview Assets.xcassets */,
			);
			path = "Preview Content";
			sourceTree = "<group>";
		};
		AE649CD52C2BA3D0006B50EC /* WeatherForcastTests */ = {
			isa = PBXGroup;
			children = (
				AE649CD62C2BA3D0006B50EC /* WeatherForcastTests.swift */,
			);
			path = WeatherForcastTests;
			sourceTree = "<group>";
		};
		AE649CDF2C2BA3D0006B50EC /* WeatherForcastUITests */ = {
			isa = PBXGroup;
			children = (
				AE649CE02C2BA3D0006B50EC /* WeatherForcastUITests.swift */,
				AE649CE22C2BA3D0006B50EC /* WeatherForcastUITestsLaunchTests.swift */,
			);
			path = WeatherForcastUITests;
			sourceTree = "<group>";
		};
/* End PBXGroup section */

/* Begin PBXNativeTarget section */
		AE649CC12C2BA3CF006B50EC /* WeatherForcast */ = {
			isa = PBXNativeTarget;
			buildConfigurationList = AE649CE62C2BA3D0006B50EC /* Build configuration list for PBXNativeTarget "WeatherForcast" */;
			buildPhases = (
				AE649CBE2C2BA3CF006B50EC /* Sources */,
				AE649CBF2C2BA3CF006B50EC /* Frameworks */,
				AE649CC02C2BA3CF006B50EC /* Resources */,
			);
			buildRules = (
			);
			dependencies = (
			);
			name = WeatherForcast;
			productName = WeatherForcast;
			productReference = AE649CC22C2BA3CF006B50EC /* WeatherForcast.app */;
			productType = "com.apple.product-type.application";
		};
		AE649CD12C2BA3D0006B50EC /* WeatherForcastTests */ = {
			isa = PBXNativeTarget;
			buildConfigurationList = AE649CE92C2BA3D0006B50EC /* Build configuration list for PBXNativeTarget "WeatherForcastTests" */;
			buildPhases = (
				AE649CCE2C2BA3D0006B50EC /* Sources */,
				AE649CCF2C2BA3D0006B50EC /* Frameworks */,
				AE649CD02C2BA3D0006B50EC /* Resources */,
			);
			buildRules = (
			);
			dependencies = (
				AE649CD42C2BA3D0006B50EC /* PBXTargetDependency */,
			);
			name = WeatherForcastTests;
			productName = WeatherForcastTests;
			productReference = AE649CD22C2BA3D0006B50EC /* WeatherForcastTests.xctest */;
			productType = "com.apple.product-type.bundle.unit-test";
		};
		AE649CDB2C2BA3D0006B50EC /* WeatherForcastUITests */ = {
			isa = PBXNativeTarget;
			buildConfigurationList = AE649CEC2C2BA3D0006B50EC /* Build configuration list for PBXNativeTarget "WeatherForcastUITests" */;
			buildPhases = (
				AE649CD82C2BA3D0006B50EC /* Sources */,
				AE649CD92C2BA3D0006B50EC /* Frameworks */,
				AE649CDA2C2BA3D0006B50EC /* Resources */,
			);
			buildRules = (
			);
			dependencies = (
				AE649CDE2C2BA3D0006B50EC /* PBXTargetDependency */,
			);
			name = WeatherForcastUITests;
			productName = WeatherForcastUITests;
			productReference = AE649CDC2C2BA3D0006B50EC /* WeatherForcastUITests.xctest */;
			productType = "com.apple.product-type.bundle.ui-testing";
		};
/* End PBXNativeTarget section */

/* Begin PBXProject section */
		AE649CBA2C2BA3CF006B50EC /* Project object */ = {
			isa = PBXProject;
			attributes = {
				BuildIndependentTargetsInParallel = 1;
				LastSwiftUpdateCheck = 1540;
				LastUpgradeCheck = 1540;
				TargetAttributes = {
					AE649CC12C2BA3CF006B50EC = {
						CreatedOnToolsVersion = 15.4;
					};
					AE649CD12C2BA3D0006B50EC = {
						CreatedOnToolsVersion = 15.4;
						TestTargetID = AE649CC12C2BA3CF006B50EC;
					};
					AE649CDB2C2BA3D0006B50EC = {
						CreatedOnToolsVersion = 15.4;
						TestTargetID = AE649CC12C2BA3CF006B50EC;
					};
				};
			};
			buildConfigurationList = AE649CBD2C2BA3CF006B50EC /* Build configuration list for PBXProject "WeatherForcast" */;
			compatibilityVersion = "Xcode 14.0";
			developmentRegion = en;
			hasScannedForEncodings = 0;
			knownRegions = (
				en,
				Base,
			);
			mainGroup = AE649CB92C2BA3CE006B50EC;
			productRefGroup = AE649CC32C2BA3CF006B50EC /* Products */;
			projectDirPath = "";
			projectRoot = "";
			targets = (
				AE649CC12C2BA3CF006B50EC /* WeatherForcast */,
				AE649CD12C2BA3D0006B50EC /* WeatherForcastTests */,
				AE649CDB2C2BA3D0006B50EC /* WeatherForcastUITests */,
			);
		};
/* End PBXProject section */

/* Begin PBXResourcesBuildPhase section */
		AE649CC02C2BA3CF006B50EC /* Resources */ = {
			isa = PBXResourcesBuildPhase;
			buildActionMask = 2147483647;
			files = (
				AE649CCD2C2BA3CF006B50EC /* Preview Assets.xcassets in Resources */,
				AE649CCA2C2BA3CF006B50EC /* Assets.xcassets in Resources */,
			);
			runOnlyForDeploymentPostprocessing = 0;
		};
		AE649CD02C2BA3D0006B50EC /* Resources */ = {
			isa = PBXResourcesBuildPhase;
			buildActionMask = 2147483647;
			files = (
			);
			runOnlyForDeploymentPostprocessing = 0;
		};
		AE649CDA2C2BA3D0006B50EC /* Resources */ = {
			isa = PBXResourcesBuildPhase;
			buildActionMask = 2147483647;
			files = (
			);
			runOnlyForDeploymentPostprocessing = 0;
		};
/* End PBXResourcesBuildPhase section */

/* Begin PBXSourcesBuildPhase section */
		AE649CBE2C2BA3CF006B50EC /* Sources */ = {
			isa = PBXSourcesBuildPhase;
			buildActionMask = 2147483647;
			files = (
				AE649CC82C2BA3CF006B50EC /* ContentView.swift in Sources */,
				AE649CC62C2BA3CF006B50EC /* WeatherForcastApp.swift in Sources */,
			);
			runOnlyForDeploymentPostprocessing = 0;
		};
		AE649CCE2C2BA3D0006B50EC /* Sources */ = {
			isa = PBXSourcesBuildPhase;
			buildActionMask = 2147483647;
			files = (
				AE649CD72C2BA3D0006B50EC /* WeatherForcastTests.swift in Sources */,
			);
			runOnlyForDeploymentPostprocessing = 0;
		};
		AE649CD82C2BA3D0006B50EC /* Sources */ = {
			isa = PBXSourcesBuildPhase;
			buildActionMask = 2147483647;
			files = (
				AE649CE32C2BA3D0006B50EC /* WeatherForcastUITestsLaunchTests.swift in Sources */,
				AE649CE12C2BA3D0006B50EC /* WeatherForcastUITests.swift in Sources */,
			);
			runOnlyForDeploymentPostprocessing = 0;
		};
/* End PBXSourcesBuildPhase section */

/* Begin PBXTargetDependency section */
		AE649CD42C2BA3D0006B50EC /* PBXTargetDependency */ = {
			isa = PBXTargetDependency;
			target = AE649CC12C2BA3CF006B50EC /* WeatherForcast */;
			targetProxy = AE649CD32C2BA3D0006B50EC /* PBXContainerItemProxy */;
		};
		AE649CDE2C2BA3D0006B50EC /* PBXTargetDependency */ = {
			isa = PBXTargetDependency;
			target = AE649CC12C2BA3CF006B50EC /* WeatherForcast */;
			targetProxy = AE649CDD2C2BA3D0006B50EC /* PBXContainerItemProxy */;
		};
/* End PBXTargetDependency section */

/* Begin XCBuildConfiguration section */
		AE649CE42C2BA3D0006B50EC /* Debug */ = {
			isa = XCBuildConfiguration;
			buildSettings = {
				ALWAYS_SEARCH_USER_PATHS = NO;
				ASSETCATALOG_COMPILER_GENERATE_SWIFT_ASSET_SYMBOL_EXTENSIONS = YES;
				CLANG_ANALYZER_NONNULL = YES;
				CLANG_ANALYZER_NUMBER_OBJECT_CONVERSION = YES_AGGRESSIVE;
				CLANG_CXX_LANGUAGE_STANDARD = "gnu++20";
				CLANG_ENABLE_MODULES = YES;
				CLANG_ENABLE_OBJC_ARC = YES;
				CLANG_ENABLE_OBJC_WEAK = YES;
				CLANG_WARN_BLOCK_CAPTURE_AUTORELEASING = YES;
				CLANG_WARN_BOOL_CONVERSION = YES;
				CLANG_WARN_COMMA = YES;
				CLANG_WARN_CONSTANT_CONVERSION = YES;
				CLANG_WARN_DEPRECATED_OBJC_IMPLEMENTATIONS = YES;
				CLANG_WARN_DIRECT_OBJC_ISA_USAGE = YES_ERROR;
				CLANG_WARN_DOCUMENTATION_COMMENTS = YES;
				CLANG_WARN_EMPTY_BODY = YES;
				CLANG_WARN_ENUM_CONVERSION = YES;
				CLANG_WARN_INFINITE_RECURSION = YES;
				CLANG_WARN_INT_CONVERSION = YES;
				CLANG_WARN_NON_LITERAL_NULL_CONVERSION = YES;
				CLANG_WARN_OBJC_IMPLICIT_RETAIN_SELF = YES;
				CLANG_WARN_OBJC_LITERAL_CONVERSION = YES;
				CLANG_WARN_OBJC_ROOT_CLASS = YES_ERROR;
				CLANG_WARN_QUOTED_INCLUDE_IN_FRAMEWORK_HEADER = YES;
				CLANG_WARN_RANGE_LOOP_ANALYSIS = YES;
				CLANG_WARN_STRICT_PROTOTYPES = YES;
				CLANG_WARN_SUSPICIOUS_MOVE = YES;
				CLANG_WARN_UNGUARDED_AVAILABILITY = YES_AGGRESSIVE;
				CLANG_WARN_UNREACHABLE_CODE = YES;
				CLANG_WARN__DUPLICATE_METHOD_MATCH = YES;
				COPY_PHASE_STRIP = NO;
				DEBUG_INFORMATION_FORMAT = dwarf;
				ENABLE_STRICT_OBJC_MSGSEND = YES;
				ENABLE_TESTABILITY = YES;
				ENABLE_USER_SCRIPT_SANDBOXING = YES;
				GCC_C_LANGUAGE_STANDARD = gnu17;
				GCC_DYNAMIC_NO_PIC = NO;
				GCC_NO_COMMON_BLOCKS = YES;
				GCC_OPTIMIZATION_LEVEL = 0;
				GCC_PREPROCESSOR_DEFINITIONS = (
					"DEBUG=1",
					"$(inherited)",
				);
				GCC_WARN_64_TO_32_BIT_CONVERSION = YES;
				GCC_WARN_ABOUT_RETURN_TYPE = YES_ERROR;
				GCC_WARN_UNDECLARED_SELECTOR = YES;
				GCC_WARN_UNINITIALIZED_AUTOS = YES_AGGRESSIVE;
				GCC_WARN_UNUSED_FUNCTION = YES;
				GCC_WARN_UNUSED_VARIABLE = YES;
				IPHONEOS_DEPLOYMENT_TARGET = 17.5;
				LOCALIZATION_PREFERS_STRING_CATALOGS = YES;
				MTL_ENABLE_DEBUG_INFO = INCLUDE_SOURCE;
				MTL_FAST_MATH = YES;
				ONLY_ACTIVE_ARCH = YES;
				SDKROOT = iphoneos;
				SWIFT_ACTIVE_COMPILATION_CONDITIONS = "DEBUG $(inherited)";
				SWIFT_OPTIMIZATION_LEVEL = "-Onone";
			};
			name = Debug;
		};
		AE649CE52C2BA3D0006B50EC /* Release */ = {
			isa = XCBuildConfiguration;
			buildSettings = {
				ALWAYS_SEARCH_USER_PATHS = NO;
				ASSETCATALOG_COMPILER_GENERATE_SWIFT_ASSET_SYMBOL_EXTENSIONS = YES;
				CLANG_ANALYZER_NONNULL = YES;
				CLANG_ANALYZER_NUMBER_OBJECT_CONVERSION = YES_AGGRESSIVE;
				CLANG_CXX_LANGUAGE_STANDARD = "gnu++20";
				CLANG_ENABLE_MODULES = YES;
				CLANG_ENABLE_OBJC_ARC = YES;
				CLANG_ENABLE_OBJC_WEAK = YES;
				CLANG_WARN_BLOCK_CAPTURE_AUTORELEASING = YES;
				CLANG_WARN_BOOL_CONVERSION = YES;
				CLANG_WARN_COMMA = YES;
				CLANG_WARN_CONSTANT_CONVERSION = YES;
				CLANG_WARN_DEPRECATED_OBJC_IMPLEMENTATIONS = YES;
				CLANG_WARN_DIRECT_OBJC_ISA_USAGE = YES_ERROR;
				CLANG_WARN_DOCUMENTATION_COMMENTS = YES;
				CLANG_WARN_EMPTY_BODY = YES;
				CLANG_WARN_ENUM_CONVERSION = YES;
				CLANG_WARN_INFINITE_RECURSION = YES;
				CLANG_WARN_INT_CONVERSION = YES;
				CLANG_WARN_NON_LITERAL_NULL_CONVERSION = YES;
				CLANG_WARN_OBJC_IMPLICIT_RETAIN_SELF = YES;
				CLANG_WARN_OBJC_LITERAL_CONVERSION = YES;
				CLANG_WARN_OBJC_ROOT_CLASS = YES_ERROR;
				CLANG_WARN_QUOTED_INCLUDE_IN_FRAMEWORK_HEADER = YES;
				CLANG_WARN_RANGE_LOOP_ANALYSIS = YES;
				CLANG_WARN_STRICT_PROTOTYPES = YES;
				CLANG_WARN_SUSPICIOUS_MOVE = YES;
				CLANG_WARN_UNGUARDED_AVAILABILITY = YES_AGGRESSIVE;
				CLANG_WARN_UNREACHABLE_CODE = YES;
				CLANG_WARN__DUPLICATE_METHOD_MATCH = YES;
				COPY_PHASE_STRIP = NO;
				DEBUG_INFORMATION_FORMAT = "dwarf-with-dsym";
				ENABLE_NS_ASSERTIONS = NO;
				ENABLE_STRICT_OBJC_MSGSEND = YES;
				ENABLE_USER_SCRIPT_SANDBOXING = YES;
				GCC_C_LANGUAGE_STANDARD = gnu17;
				GCC_NO_COMMON_BLOCKS = YES;
				GCC_WARN_64_TO_32_BIT_CONVERSION = YES;
				GCC_WARN_ABOUT_RETURN_TYPE = YES_ERROR;
				GCC_WARN_UNDECLARED_SELECTOR = YES;
				GCC_WARN_UNINITIALIZED_AUTOS = YES_AGGRESSIVE;
				GCC_WARN_UNUSED_FUNCTION = YES;
				GCC_WARN_UNUSED_VARIABLE = YES;
				IPHONEOS_DEPLOYMENT_TARGET = 17.5;
				LOCALIZATION_PREFERS_STRING_CATALOGS = YES;
				MTL_ENABLE_DEBUG_INFO = NO;
				MTL_FAST_MATH = YES;
				SDKROOT = iphoneos;
				SWIFT_COMPILATION_MODE = wholemodule;
				VALIDATE_PRODUCT = YES;
			};
			name = Release;
		};
		AE649CE72C2BA3D0006B50EC /* Debug */ = {
			isa = XCBuildConfiguration;
			buildSettings = {
				ASSETCATALOG_COMPILER_APPICON_NAME = AppIcon;
				ASSETCATALOG_COMPILER_GLOBAL_ACCENT_COLOR_NAME = AccentColor;
				CODE_SIGN_STYLE = Manual;
				CURRENT_PROJECT_VERSION = 1;
				DEVELOPMENT_ASSET_PATHS = "\"WeatherForcast/Preview Content\"";
				DEVELOPMENT_TEAM = "";
				ENABLE_PREVIEWS = YES;
				GENERATE_INFOPLIST_FILE = YES;
				INFOPLIST_KEY_UIApplicationSceneManifest_Generation = YES;
				INFOPLIST_KEY_UIApplicationSupportsIndirectInputEvents = YES;
				INFOPLIST_KEY_UILaunchScreen_Generation = YES;
				INFOPLIST_KEY_UISupportedInterfaceOrientations_iPad = "UIInterfaceOrientationPortrait UIInterfaceOrientationPortraitUpsideDown UIInterfaceOrientationLandscapeLeft UIInterfaceOrientationLandscapeRight";
				INFOPLIST_KEY_UISupportedInterfaceOrientations_iPhone = "UIInterfaceOrientationPortrait UIInterfaceOrientationLandscapeLeft UIInterfaceOrientationLandscapeRight";
				LD_RUNPATH_SEARCH_PATHS = (
					"$(inherited)",
					"@executable_path/Frameworks",
				);
				MARKETING_VERSION = 1.0;
				PRODUCT_BUNDLE_IDENTIFIER = example.darisadam.WeatherForcast;
				PRODUCT_NAME = "$(TARGET_NAME)";
				PROVISIONING_PROFILE_SPECIFIER = "";
				SWIFT_EMIT_LOC_STRINGS = YES;
				SWIFT_VERSION = 5.0;
				TARGETED_DEVICE_FAMILY = "1,2";
			};
			name = Debug;
		};
		AE649CE82C2BA3D0006B50EC /* Release */ = {
			isa = XCBuildConfiguration;
			buildSettings = {
				ASSETCATALOG_COMPILER_APPICON_NAME = AppIcon;
				ASSETCATALOG_COMPILER_GLOBAL_ACCENT_COLOR_NAME = AccentColor;
				CODE_SIGN_STYLE = Manual;
				CURRENT_PROJECT_VERSION = 1;
				DEVELOPMENT_ASSET_PATHS = "\"WeatherForcast/Preview Content\"";
				DEVELOPMENT_TEAM = "";
				ENABLE_PREVIEWS = YES;
				GENERATE_INFOPLIST_FILE = YES;
				INFOPLIST_KEY_UIApplicationSceneManifest_Generation = YES;
				INFOPLIST_KEY_UIApplicationSupportsIndirectInputEvents = YES;
				INFOPLIST_KEY_UILaunchScreen_Generation = YES;
				INFOPLIST_KEY_UISupportedInterfaceOrientations_iPad = "UIInterfaceOrientationPortrait UIInterfaceOrientationPortraitUpsideDown UIInterfaceOrientationLandscapeLeft UIInterfaceOrientationLandscapeRight";
				INFOPLIST_KEY_UISupportedInterfaceOrientations_iPhone = "UIInterfaceOrientationPortrait UIInterfaceOrientationLandscapeLeft UIInterfaceOrientationLandscapeRight";
				LD_RUNPATH_SEARCH_PATHS = (
					"$(inherited)",
					"@executable_path/Frameworks",
				);
				MARKETING_VERSION = 1.0;
				PRODUCT_BUNDLE_IDENTIFIER = example.darisadam.WeatherForcast;
				PRODUCT_NAME = "$(TARGET_NAME)";
				PROVISIONING_PROFILE_SPECIFIER = "";
				SWIFT_EMIT_LOC_STRINGS = YES;
				SWIFT_VERSION = 5.0;
				TARGETED_DEVICE_FAMILY = "1,2";
			};
			name = Release;
		};
		AE649CEA2C2BA3D0006B50EC /* Debug */ = {
			isa = XCBuildConfiguration;
			buildSettings = {
				ALWAYS_EMBED_SWIFT_STANDARD_LIBRARIES = YES;
				BUNDLE_LOADER = "$(TEST_HOST)";
				CODE_SIGN_STYLE = Automatic;
				CURRENT_PROJECT_VERSION = 1;
				DEVELOPMENT_TEAM = Q99UJS4WY6;
				GENERATE_INFOPLIST_FILE = YES;
				IPHONEOS_DEPLOYMENT_TARGET = 17.5;
				MARKETING_VERSION = 1.0;
				PRODUCT_BUNDLE_IDENTIFIER = name.damdaris.WeatherForcastTests;
				PRODUCT_NAME = "$(TARGET_NAME)";
				SWIFT_EMIT_LOC_STRINGS = NO;
				SWIFT_VERSION = 5.0;
				TARGETED_DEVICE_FAMILY = "1,2";
				TEST_HOST = "$(BUILT_PRODUCTS_DIR)/WeatherForcast.app/$(BUNDLE_EXECUTABLE_FOLDER_PATH)/WeatherForcast";
			};
			name = Debug;
		};
		AE649CEB2C2BA3D0006B50EC /* Release */ = {
			isa = XCBuildConfiguration;
			buildSettings = {
				ALWAYS_EMBED_SWIFT_STANDARD_LIBRARIES = YES;
				BUNDLE_LOADER = "$(TEST_HOST)";
				CODE_SIGN_STYLE = Automatic;
				CURRENT_PROJECT_VERSION = 1;
				DEVELOPMENT_TEAM = Q99UJS4WY6;
				GENERATE_INFOPLIST_FILE = YES;
				IPHONEOS_DEPLOYMENT_TARGET = 17.5;
				MARKETING_VERSION = 1.0;
				PRODUCT_BUNDLE_IDENTIFIER = name.damdaris.WeatherForcastTests;
				PRODUCT_NAME = "$(TARGET_NAME)";
				SWIFT_EMIT_LOC_STRINGS = NO;
				SWIFT_VERSION = 5.0;
				TARGETED_DEVICE_FAMILY = "1,2";
				TEST_HOST = "$(BUILT_PRODUCTS_DIR)/WeatherForcast.app/$(BUNDLE_EXECUTABLE_FOLDER_PATH)/WeatherForcast";
			};
			name = Release;
		};
		AE649CED2C2BA3D0006B50EC /* Debug */ = {
			isa = XCBuildConfiguration;
			buildSettings = {
				ALWAYS_EMBED_SWIFT_STANDARD_LIBRARIES = YES;
				CODE_SIGN_STYLE = Automatic;
				CURRENT_PROJECT_VERSION = 1;
				DEVELOPMENT_TEAM = Q99UJS4WY6;
				GENERATE_INFOPLIST_FILE = YES;
				MARKETING_VERSION = 1.0;
				PRODUCT_BUNDLE_IDENTIFIER = name.damdaris.WeatherForcastUITests;
				PRODUCT_NAME = "$(TARGET_NAME)";
				SWIFT_EMIT_LOC_STRINGS = NO;
				SWIFT_VERSION = 5.0;
				TARGETED_DEVICE_FAMILY = "1,2";
				TEST_TARGET_NAME = WeatherForcast;
			};
			name = Debug;
		};
		AE649CEE2C2BA3D0006B50EC /* Release */ = {
			isa = XCBuildConfiguration;
			buildSettings = {
				ALWAYS_EMBED_SWIFT_STANDARD_LIBRARIES = YES;
				CODE_SIGN_STYLE = Automatic;
				CURRENT_PROJECT_VERSION = 1;
				DEVELOPMENT_TEAM = Q99UJS4WY6;
				GENERATE_INFOPLIST_FILE = YES;
				MARKETING_VERSION = 1.0;
				PRODUCT_BUNDLE_IDENTIFIER = name.damdaris.WeatherForcastUITests;
				PRODUCT_NAME = "$(TARGET_NAME)";
				SWIFT_EMIT_LOC_STRINGS = NO;
				SWIFT_VERSION = 5.0;
				TARGETED_DEVICE_FAMILY = "1,2";
				TEST_TARGET_NAME = WeatherForcast;
			};
			name = Release;
		};
/* End XCBuildConfiguration section */

/* Begin XCConfigurationList section */
		AE649CBD2C2BA3CF006B50EC /* Build configuration list for PBXProject "WeatherForcast" */ = {
			isa = XCConfigurationList;
			buildConfigurations = (
				AE649CE42C2BA3D0006B50EC /* Debug */,
				AE649CE52C2BA3D0006B50EC /* Release */,
			);
			defaultConfigurationIsVisible = 0;
			defaultConfigurationName = Release;
		};
		AE649CE62C2BA3D0006B50EC /* Build configuration list for PBXNativeTarget "WeatherForcast" */ = {
			isa = XCConfigurationList;
			buildConfigurations = (
				AE649CE72C2BA3D0006B50EC /* Debug */,
				AE649CE82C2BA3D0006B50EC /* Release */,
			);
			defaultConfigurationIsVisible = 0;
			defaultConfigurationName = Release;
		};
		AE649CE92C2BA3D0006B50EC /* Build configuration list for PBXNativeTarget "WeatherForcastTests" */ = {
			isa = XCConfigurationList;
			buildConfigurations = (
				AE649CEA2C2BA3D0006B50EC /* Debug */,
				AE649CEB2C2BA3D0006B50EC /* Release */,
			);
			defaultConfigurationIsVisible = 0;
			defaultConfigurationName = Release;
		};
		AE649CEC2C2BA3D0006B50EC /* Build configuration list for PBXNativeTarget "WeatherForcastUITests" */ = {
			isa = XCConfigurationList;
			buildConfigurations = (
				AE649CED2C2BA3D0006B50EC /* Debug */,
				AE649CEE2C2BA3D0006B50EC /* Release */,
			);
			defaultConfigurationIsVisible = 0;
			defaultConfigurationName = Release;
		};
/* End XCConfigurationList section */
	};
	rootObject = AE649CBA2C2BA3CF006B50EC /* Project object */;
}
